
Microsoft Visual Studio Solution File, Format Version 12.00
# Visual Studio Version 16
VisualStudioVersion = 16.0.28922.388
MinimumVisualStudioVersion = 10.0.40219.1
Project("{2150E333-8FDC-42A3-9474-1A3956D46DE8}") = "Src", "Src", "{3D16ACF0-A2E3-4D9B-A641-B884C388E61D}"
EndProject
Project("{2150E333-8FDC-42A3-9474-1A3956D46DE8}") = "Config", "Config", "{C6F2E161-9654-466E-B31F-9F2D8B3C6355}"
	ProjectSection(SolutionItems) = preProject
		Config\Dockerfile = Config\Dockerfile
	EndProjectSection
EndProject
Project("{9A19103F-16F7-4668-BE54-9A1E7A4F7556}") = "Api", "Src\Api\Api.csproj", "{7831C199-6977-428D-998A-6709F589E976}"
EndProject
Project("{9A19103F-16F7-4668-BE54-9A1E7A4F7556}") = "BLL", "Src\Manager\BLL.csproj", "{79C17E65-B486-4594-8EDC-392AFADEC8D8}"
EndProject
Project("{9A19103F-16F7-4668-BE54-9A1E7A4F7556}") = "DL", "Src\Repository\DL.csproj", "{A1646E1A-9CE3-49CD-86FA-836B4488839D}"
EndProject
Project("{9A19103F-16F7-4668-BE54-9A1E7A4F7556}") = "Infrastructure", "Src\Infrastructure\Infrastructure.csproj", "{9D1C34CA-B69C-4D22-AC71-0DBD13387B04}"
EndProject
Project("{9A19103F-16F7-4668-BE54-9A1E7A4F7556}") = "Tools", "Src\Tools\Tools.csproj", "{816224C3-4782-415E-8310-964AE170CE1A}"
EndProject
Project("{2150E333-8FDC-42A3-9474-1A3956D46DE8}") = "Shared", "Shared", "{FA657D0F-C20E-47DF-85D5-090EF14DAB0D}"
EndProject
Project("{9A19103F-16F7-4668-BE54-9A1E7A4F7556}") = "MRPackage", "Shared\MRPackage\MRPackage.csproj", "{F3AFDE15-FD5A-4709-935B-172A37554DBE}"
EndProject
Project("{2150E333-8FDC-42A3-9474-1A3956D46DE8}") = "Service", "Service", "{CBEC472C-0FD5-451F-8AF7-28FBD212328B}"
EndProject
Project("{9A19103F-16F7-4668-BE54-9A1E7A4F7556}") = "TemplateService", "Service\TemplateService\TemplateService.csproj", "{E7AB9E5F-E48C-4C2E-A89E-A15D8B95953F}"
EndProject
Project("{9A19103F-16F7-4668-BE54-9A1E7A4F7556}") = "EmailService", "Service\EmailService\EmailService.csproj", "{58E42E54-459D-4A60-A41A-1326E2361A02}"
EndProject
Global
	GlobalSection(SolutionConfigurationPlatforms) = preSolution
		Debug|Any CPU = Debug|Any CPU
		Release|Any CPU = Release|Any CPU
	EndGlobalSection
	GlobalSection(ProjectConfigurationPlatforms) = postSolution
		{7831C199-6977-428D-998A-6709F589E976}.Debug|Any CPU.ActiveCfg = Debug|Any CPU
		{7831C199-6977-428D-998A-6709F589E976}.Debug|Any CPU.Build.0 = Debug|Any CPU
		{7831C199-6977-428D-998A-6709F589E976}.Release|Any CPU.ActiveCfg = Release|Any CPU
		{7831C199-6977-428D-998A-6709F589E976}.Release|Any CPU.Build.0 = Release|Any CPU
		{79C17E65-B486-4594-8EDC-392AFADEC8D8}.Debug|Any CPU.ActiveCfg = Debug|Any CPU
		{79C17E65-B486-4594-8EDC-392AFADEC8D8}.Debug|Any CPU.Build.0 = Debug|Any CPU
		{79C17E65-B486-4594-8EDC-392AFADEC8D8}.Release|Any CPU.ActiveCfg = Release|Any CPU
		{79C17E65-B486-4594-8EDC-392AFADEC8D8}.Release|Any CPU.Build.0 = Release|Any CPU
		{A1646E1A-9CE3-49CD-86FA-836B4488839D}.Debug|Any CPU.ActiveCfg = Debug|Any CPU
		{A1646E1A-9CE3-49CD-86FA-836B4488839D}.Debug|Any CPU.Build.0 = Debug|Any CPU
		{A1646E1A-9CE3-49CD-86FA-836B4488839D}.Release|Any CPU.ActiveCfg = Release|Any CPU
		{A1646E1A-9CE3-49CD-86FA-836B4488839D}.Release|Any CPU.Build.0 = Release|Any CPU
		{9D1C34CA-B69C-4D22-AC71-0DBD13387B04}.Debug|Any CPU.ActiveCfg = Debug|Any CPU
		{9D1C34CA-B69C-4D22-AC71-0DBD13387B04}.Debug|Any CPU.Build.0 = Debug|Any CPU
		{9D1C34CA-B69C-4D22-AC71-0DBD13387B04}.Release|Any CPU.ActiveCfg = Release|Any CPU
		{9D1C34CA-B69C-4D22-AC71-0DBD13387B04}.Release|Any CPU.Build.0 = Release|Any CPU
		{816224C3-4782-415E-8310-964AE170CE1A}.Debug|Any CPU.ActiveCfg = Debug|Any CPU
		{816224C3-4782-415E-8310-964AE170CE1A}.Debug|Any CPU.Build.0 = Debug|Any CPU
		{816224C3-4782-415E-8310-964AE170CE1A}.Release|Any CPU.ActiveCfg = Release|Any CPU
		{816224C3-4782-415E-8310-964AE170CE1A}.Release|Any CPU.Build.0 = Release|Any CPU
		{F3AFDE15-FD5A-4709-935B-172A37554DBE}.Debug|Any CPU.ActiveCfg = Debug|Any CPU
		{F3AFDE15-FD5A-4709-935B-172A37554DBE}.Debug|Any CPU.Build.0 = Debug|Any CPU
		{F3AFDE15-FD5A-4709-935B-172A37554DBE}.Release|Any CPU.ActiveCfg = Release|Any CPU
		{F3AFDE15-FD5A-4709-935B-172A37554DBE}.Release|Any CPU.Build.0 = Release|Any CPU
		{E7AB9E5F-E48C-4C2E-A89E-A15D8B95953F}.Debug|Any CPU.ActiveCfg = Debug|Any CPU
		{E7AB9E5F-E48C-4C2E-A89E-A15D8B95953F}.Debug|Any CPU.Build.0 = Debug|Any CPU
		{E7AB9E5F-E48C-4C2E-A89E-A15D8B95953F}.Release|Any CPU.ActiveCfg = Release|Any CPU
		{E7AB9E5F-E48C-4C2E-A89E-A15D8B95953F}.Release|Any CPU.Build.0 = Release|Any CPU
		{58E42E54-459D-4A60-A41A-1326E2361A02}.Debug|Any CPU.ActiveCfg = Debug|Any CPU
		{58E42E54-459D-4A60-A41A-1326E2361A02}.Debug|Any CPU.Build.0 = Debug|Any CPU
		{58E42E54-459D-4A60-A41A-1326E2361A02}.Release|Any CPU.ActiveCfg = Release|Any CPU
		{58E42E54-459D-4A60-A41A-1326E2361A02}.Release|Any CPU.Build.0 = Release|Any CPU
	EndGlobalSection
	GlobalSection(SolutionProperties) = preSolution
		HideSolutionNode = FALSE
	EndGlobalSection
	GlobalSection(NestedProjects) = preSolution
		{7831C199-6977-428D-998A-6709F589E976} = {3D16ACF0-A2E3-4D9B-A641-B884C388E61D}
		{79C17E65-B486-4594-8EDC-392AFADEC8D8} = {3D16ACF0-A2E3-4D9B-A641-B884C388E61D}
		{A1646E1A-9CE3-49CD-86FA-836B4488839D} = {3D16ACF0-A2E3-4D9B-A641-B884C388E61D}
		{9D1C34CA-B69C-4D22-AC71-0DBD13387B04} = {3D16ACF0-A2E3-4D9B-A641-B884C388E61D}
		{816224C3-4782-415E-8310-964AE170CE1A} = {3D16ACF0-A2E3-4D9B-A641-B884C388E61D}
		{F3AFDE15-FD5A-4709-935B-172A37554DBE} = {FA657D0F-C20E-47DF-85D5-090EF14DAB0D}
		{E7AB9E5F-E48C-4C2E-A89E-A15D8B95953F} = {CBEC472C-0FD5-451F-8AF7-28FBD212328B}
		{58E42E54-459D-4A60-A41A-1326E2361A02} = {CBEC472C-0FD5-451F-8AF7-28FBD212328B}
	EndGlobalSection
	GlobalSection(ExtensibilityGlobals) = postSolution
		SolutionGuid = {EF652F9A-4EB2-496C-9D80-1D2935AB87EC}
	EndGlobalSection
EndGlobal
